
Microsoft Visual Studio Solution File, Format Version 12.00
# Visual Studio Version 17
VisualStudioVersion = 17.4.33205.214
MinimumVisualStudioVersion = 10.0.40219.1
Project("{FAE04EC0-301F-11D3-BF4B-00C04F79EFBC}") = "App1.Android", "App1\App1.Android\App1.Android.csproj", "{8357E869-7226-48CB-97B0-F0899E4EA85B}"
EndProject
Project("{FAE04EC0-301F-11D3-BF4B-00C04F79EFBC}") = "App1.iOS", "App1\App1.iOS\App1.iOS.csproj", "{9CD6938D-8635-41A1-8DA8-8F93F9E61883}"
EndProject
Project("{FAE04EC0-301F-11D3-BF4B-00C04F79EFBC}") = "App1", "App1\App1\App1.csproj", "{644741B0-8DDB-4071-B59D-9DB98F85144D}"
EndProject
Global
	GlobalSection(SolutionConfigurationPlatforms) = preSolution
		Debug|Any CPU = Debug|Any CPU
		Debug|iPhone = Debug|iPhone
		Debug|iPhoneSimulator = Debug|iPhoneSimulator
		Release|Any CPU = Release|Any CPU
		Release|iPhone = Release|iPhone
		Release|iPhoneSimulator = Release|iPhoneSimulator
	EndGlobalSection
	GlobalSection(ProjectConfigurationPlatforms) = postSolution
		{8357E869-7226-48CB-97B0-F0899E4EA85B}.Debug|Any CPU.ActiveCfg = Debug|Any CPU
		{8357E869-7226-48CB-97B0-F0899E4EA85B}.Debug|Any CPU.Build.0 = Debug|Any CPU
		{8357E869-7226-48CB-97B0-F0899E4EA85B}.Debug|Any CPU.Deploy.0 = Debug|Any CPU
		{8357E869-7226-48CB-97B0-F0899E4EA85B}.Debug|iPhone.ActiveCfg = Debug|Any CPU
		{8357E869-7226-48CB-97B0-F0899E4EA85B}.Debug|iPhone.Build.0 = Debug|Any CPU
		{8357E869-7226-48CB-97B0-F0899E4EA85B}.Debug|iPhone.Deploy.0 = Debug|Any CPU
		{8357E869-7226-48CB-97B0-F0899E4EA85B}.Debug|iPhoneSimulator.ActiveCfg = Debug|Any CPU
		{8357E869-7226-48CB-97B0-F0899E4EA85B}.Debug|iPhoneSimulator.Build.0 = Debug|Any CPU
		{8357E869-7226-48CB-97B0-F0899E4EA85B}.Debug|iPhoneSimulator.Deploy.0 = Debug|Any CPU
		{8357E869-7226-48CB-97B0-F0899E4EA85B}.Release|Any CPU.ActiveCfg = Release|Any CPU
		{8357E869-7226-48CB-97B0-F0899E4EA85B}.Release|Any CPU.Build.0 = Release|Any CPU
		{8357E869-7226-48CB-97B0-F0899E4EA85B}.Release|Any CPU.Deploy.0 = Release|Any CPU
		{8357E869-7226-48CB-97B0-F0899E4EA85B}.Release|iPhone.ActiveCfg = Release|Any CPU
		{8357E869-7226-48CB-97B0-F0899E4EA85B}.Release|iPhone.Build.0 = Release|Any CPU
		{8357E869-7226-48CB-97B0-F0899E4EA85B}.Release|iPhone.Deploy.0 = Release|Any CPU
		{8357E869-7226-48CB-97B0-F0899E4EA85B}.Release|iPhoneSimulator.ActiveCfg = Release|Any CPU
		{8357E869-7226-48CB-97B0-F0899E4EA85B}.Release|iPhoneSimulator.Build.0 = Release|Any CPU
		{8357E869-7226-48CB-97B0-F0899E4EA85B}.Release|iPhoneSimulator.Deploy.0 = Release|Any CPU
		{9CD6938D-8635-41A1-8DA8-8F93F9E61883}.Debug|Any CPU.ActiveCfg = Debug|iPhone
		{9CD6938D-8635-41A1-8DA8-8F93F9E61883}.Debug|Any CPU.Build.0 = Debug|iPhone
		{9CD6938D-8635-41A1-8DA8-8F93F9E61883}.Debug|Any CPU.Deploy.0 = Debug|iPhone
		{9CD6938D-8635-41A1-8DA8-8F93F9E61883}.Debug|iPhone.ActiveCfg = Debug|iPhone
		{9CD6938D-8635-41A1-8DA8-8F93F9E61883}.Debug|iPhone.Build.0 = Debug|iPhone
		{9CD6938D-8635-41A1-8DA8-8F93F9E61883}.Debug|iPhone.Deploy.0 = Debug|iPhone
		{9CD6938D-8635-41A1-8DA8-8F93F9E61883}.Debug|iPhoneSimulator.ActiveCfg = Debug|iPhoneSimulator
		{9CD6938D-8635-41A1-8DA8-8F93F9E61883}.Debug|iPhoneSimulator.Build.0 = Debug|iPhoneSimulator
		{9CD6938D-8635-41A1-8DA8-8F93F9E61883}.Debug|iPhoneSimulator.Deploy.0 = Debug|iPhoneSimulator
		{9CD6938D-8635-41A1-8DA8-8F93F9E61883}.Release|Any CPU.ActiveCfg = Release|iPhoneSimulator
		{9CD6938D-8635-41A1-8DA8-8F93F9E61883}.Release|Any CPU.Build.0 = Release|iPhoneSimulator
		{9CD6938D-8635-41A1-8DA8-8F93F9E61883}.Release|Any CPU.Deploy.0 = Release|iPhoneSimulator
		{9CD6938D-8635-41A1-8DA8-8F93F9E61883}.Release|iPhone.ActiveCfg = Release|iPhone
		{9CD6938D-8635-41A1-8DA8-8F93F9E61883}.Release|iPhone.Build.0 = Release|iPhone
		{9CD6938D-8635-41A1-8DA8-8F93F9E61883}.Release|iPhone.Deploy.0 = Release|iPhone
		{9CD6938D-8635-41A1-8DA8-8F93F9E61883}.Release|iPhoneSimulator.ActiveCfg = Release|iPhoneSimulator
		{9CD6938D-8635-41A1-8DA8-8F93F9E61883}.Release|iPhoneSimulator.Build.0 = Release|iPhoneSimulator
		{9CD6938D-8635-41A1-8DA8-8F93F9E61883}.Release|iPhoneSimulator.Deploy.0 = Release|iPhoneSimulator
		{644741B0-8DDB-4071-B59D-9DB98F85144D}.Debug|Any CPU.ActiveCfg = Debug|Any CPU
		{644741B0-8DDB-4071-B59D-9DB98F85144D}.Debug|Any CPU.Build.0 = Debug|Any CPU
		{644741B0-8DDB-4071-B59D-9DB98F85144D}.Debug|Any CPU.Deploy.0 = Debug|Any CPU
		{644741B0-8DDB-4071-B59D-9DB98F85144D}.Debug|iPhone.ActiveCfg = Debug|Any CPU
		{644741B0-8DDB-4071-B59D-9DB98F85144D}.Debug|iPhone.Build.0 = Debug|Any CPU
		{644741B0-8DDB-4071-B59D-9DB98F85144D}.Debug|iPhone.Deploy.0 = Debug|Any CPU
		{644741B0-8DDB-4071-B59D-9DB98F85144D}.Debug|iPhoneSimulator.ActiveCfg = Debug|Any CPU
		{644741B0-8DDB-4071-B59D-9DB98F85144D}.Debug|iPhoneSimulator.Build.0 = Debug|Any CPU
		{644741B0-8DDB-4071-B59D-9DB98F85144D}.Debug|iPhoneSimulator.Deploy.0 = Debug|Any CPU
		{644741B0-8DDB-4071-B59D-9DB98F85144D}.Release|Any CPU.ActiveCfg = Release|Any CPU
		{644741B0-8DDB-4071-B59D-9DB98F85144D}.Release|Any CPU.Build.0 = Release|Any CPU
		{644741B0-8DDB-4071-B59D-9DB98F85144D}.Release|Any CPU.Deploy.0 = Release|Any CPU
		{644741B0-8DDB-4071-B59D-9DB98F85144D}.Release|iPhone.ActiveCfg = Release|Any CPU
		{644741B0-8DDB-4071-B59D-9DB98F85144D}.Release|iPhone.Build.0 = Release|Any CPU
		{644741B0-8DDB-4071-B59D-9DB98F85144D}.Release|iPhone.Deploy.0 = Release|Any CPU
		{644741B0-8DDB-4071-B59D-9DB98F85144D}.Release|iPhoneSimulator.ActiveCfg = Release|Any CPU
		{644741B0-8DDB-4071-B59D-9DB98F85144D}.Release|iPhoneSimulator.Build.0 = Release|Any CPU
		{644741B0-8DDB-4071-B59D-9DB98F85144D}.Release|iPhoneSimulator.Deploy.0 = Release|Any CPU
	EndGlobalSection
	GlobalSection(SolutionProperties) = preSolution
		HideSolutionNode = FALSE
	EndGlobalSection
	GlobalSection(ExtensibilityGlobals) = postSolution
		SolutionGuid = {80DD1EB8-B9CD-4455-8A9E-7E4659967DE1}
	EndGlobalSection
EndGlobal
